
Microsoft Visual Studio Solution File, Format Version 12.00
# Visual Studio 2012
Project("{FAE04EC0-301F-11D3-BF4B-00C04F79EFBC}") = "MdpRight", "MdpRight\MdpRight.csproj", "{E787C64C-054F-433F-B827-54D9F7C533E0}"
EndProject
Project("{FAE04EC0-301F-11D3-BF4B-00C04F79EFBC}") = "MdpRight.iOS", "iOS\MdpRight.iOS.csproj", "{1D4003C8-2D77-4EC4-9937-3AFAA484687F}"
EndProject
Project("{FAE04EC0-301F-11D3-BF4B-00C04F79EFBC}") = "MdpRight.Droid", "Droid\MdpRight.Droid.csproj", "{100AF711-3109-443F-B290-4569C0E0018F}"
EndProject
Global
	GlobalSection(SolutionConfigurationPlatforms) = preSolution
		Debug|Any CPU = Debug|Any CPU
		Release|Any CPU = Release|Any CPU
		Debug|iPhoneSimulator = Debug|iPhoneSimulator
		Release|iPhone = Release|iPhone
		Release|iPhoneSimulator = Release|iPhoneSimulator
		Debug|iPhone = Debug|iPhone
	EndGlobalSection
	GlobalSection(ProjectConfigurationPlatforms) = postSolution
		{E787C64C-054F-433F-B827-54D9F7C533E0}.Debug|Any CPU.ActiveCfg = Debug|Any CPU
		{E787C64C-054F-433F-B827-54D9F7C533E0}.Debug|Any CPU.Build.0 = Debug|Any CPU
		{E787C64C-054F-433F-B827-54D9F7C533E0}.Release|Any CPU.ActiveCfg = Release|Any CPU
		{E787C64C-054F-433F-B827-54D9F7C533E0}.Release|Any CPU.Build.0 = Release|Any CPU
		{E787C64C-054F-433F-B827-54D9F7C533E0}.Debug|iPhoneSimulator.ActiveCfg = Debug|Any CPU
		{E787C64C-054F-433F-B827-54D9F7C533E0}.Debug|iPhoneSimulator.Build.0 = Debug|Any CPU
		{E787C64C-054F-433F-B827-54D9F7C533E0}.Release|iPhone.ActiveCfg = Release|Any CPU
		{E787C64C-054F-433F-B827-54D9F7C533E0}.Release|iPhone.Build.0 = Release|Any CPU
		{E787C64C-054F-433F-B827-54D9F7C533E0}.Release|iPhoneSimulator.ActiveCfg = Release|Any CPU
		{E787C64C-054F-433F-B827-54D9F7C533E0}.Release|iPhoneSimulator.Build.0 = Release|Any CPU
		{E787C64C-054F-433F-B827-54D9F7C533E0}.Debug|iPhone.ActiveCfg = Debug|Any CPU
		{E787C64C-054F-433F-B827-54D9F7C533E0}.Debug|iPhone.Build.0 = Debug|Any CPU
		{1D4003C8-2D77-4EC4-9937-3AFAA484687F}.Debug|Any CPU.ActiveCfg = Debug|iPhoneSimulator
		{1D4003C8-2D77-4EC4-9937-3AFAA484687F}.Debug|Any CPU.Build.0 = Debug|iPhoneSimulator
		{1D4003C8-2D77-4EC4-9937-3AFAA484687F}.Release|Any CPU.ActiveCfg = Release|iPhone
		{1D4003C8-2D77-4EC4-9937-3AFAA484687F}.Release|Any CPU.Build.0 = Release|iPhone
		{1D4003C8-2D77-4EC4-9937-3AFAA484687F}.Debug|iPhoneSimulator.ActiveCfg = Debug|iPhoneSimulator
		{1D4003C8-2D77-4EC4-9937-3AFAA484687F}.Debug|iPhoneSimulator.Build.0 = Debug|iPhoneSimulator
		{1D4003C8-2D77-4EC4-9937-3AFAA484687F}.Release|iPhone.ActiveCfg = Release|iPhone
		{1D4003C8-2D77-4EC4-9937-3AFAA484687F}.Release|iPhone.Build.0 = Release|iPhone
		{1D4003C8-2D77-4EC4-9937-3AFAA484687F}.Release|iPhoneSimulator.ActiveCfg = Release|iPhoneSimulator
		{1D4003C8-2D77-4EC4-9937-3AFAA484687F}.Release|iPhoneSimulator.Build.0 = Release|iPhoneSimulator
		{1D4003C8-2D77-4EC4-9937-3AFAA484687F}.Debug|iPhone.ActiveCfg = Debug|iPhone
		{1D4003C8-2D77-4EC4-9937-3AFAA484687F}.Debug|iPhone.Build.0 = Debug|iPhone
		{100AF711-3109-443F-B290-4569C0E0018F}.Debug|Any CPU.ActiveCfg = Debug|Any CPU
		{100AF711-3109-443F-B290-4569C0E0018F}.Debug|Any CPU.Build.0 = Debug|Any CPU
		{100AF711-3109-443F-B290-4569C0E0018F}.Release|Any CPU.ActiveCfg = Release|Any CPU
		{100AF711-3109-443F-B290-4569C0E0018F}.Release|Any CPU.Build.0 = Release|Any CPU
		{100AF711-3109-443F-B290-4569C0E0018F}.Debug|iPhoneSimulator.ActiveCfg = Debug|Any CPU
		{100AF711-3109-443F-B290-4569C0E0018F}.Debug|iPhoneSimulator.Build.0 = Debug|Any CPU
		{100AF711-3109-443F-B290-4569C0E0018F}.Release|iPhone.ActiveCfg = Release|Any CPU
		{100AF711-3109-443F-B290-4569C0E0018F}.Release|iPhone.Build.0 = Release|Any CPU
		{100AF711-3109-443F-B290-4569C0E0018F}.Release|iPhoneSimulator.ActiveCfg = Release|Any CPU
		{100AF711-3109-443F-B290-4569C0E0018F}.Release|iPhoneSimulator.Build.0 = Release|Any CPU
		{100AF711-3109-443F-B290-4569C0E0018F}.Debug|iPhone.ActiveCfg = Debug|Any CPU
		{100AF711-3109-443F-B290-4569C0E0018F}.Debug|iPhone.Build.0 = Debug|Any CPU
	EndGlobalSection
EndGlobal
